
Microsoft Visual Studio Solution File, Format Version 12.00
# Visual Studio Version 17
VisualStudioVersion = 17.7.34302.85
MinimumVisualStudioVersion = 10.0.40219.1
Project("{2150E333-8FDC-42A3-9474-1A3956D46DE8}") = "Services", "Services", "{D1469DA8-F8A2-4E8B-AE38-46CB18C899B6}"
EndProject
Project("{2150E333-8FDC-42A3-9474-1A3956D46DE8}") = "Catalog", "Catalog", "{AA5EADA8-B4BA-49B1-B4B3-E311AD65F764}"
EndProject
Project("{9A19103F-16F7-4668-BE54-9A1E7A4F7556}") = "Catalog.API", "Services\Catalog\Catalog.API\Catalog.API.csproj", "{08A559F4-3274-41D2-BCA7-2633E16C33C3}"
EndProject
Project("{E53339B2-1760-4266-BCC7-CA923CBCF16C}") = "docker-compose", "docker-compose.dcproj", "{377DBA34-DD64-4609-8950-28C7C7659490}"
EndProject
Project("{2150E333-8FDC-42A3-9474-1A3956D46DE8}") = "Basket", "Basket", "{C4F03ACC-3905-46DF-BB06-7C1D38FCF964}"
EndProject
Project("{9A19103F-16F7-4668-BE54-9A1E7A4F7556}") = "Basket.API", "Services\Basket\Basket.API\Basket.API.csproj", "{81883B89-9E92-4268-9B94-7529F4A860E5}"
EndProject
Project("{2150E333-8FDC-42A3-9474-1A3956D46DE8}") = "Discount", "Discount", "{19C4FC98-9BB2-4316-B3A7-DD73074EDFFD}"
EndProject
Project("{9A19103F-16F7-4668-BE54-9A1E7A4F7556}") = "Discount.API", "Services\Discount\Discount.API\Discount.API.csproj", "{D6051B63-77EC-4FE9-95E2-12C6AC1312E6}"
EndProject
Project("{9A19103F-16F7-4668-BE54-9A1E7A4F7556}") = "Discount.Grpc", "Services\Discount\Discount.Grpc\Discount.Grpc.csproj", "{A556BA54-6411-478A-9025-DB7CE1D9696A}"
EndProject
Project("{2150E333-8FDC-42A3-9474-1A3956D46DE8}") = "Ordering", "Ordering", "{B9B58344-15CA-4F5D-AE04-D230406AC533}"
EndProject
Project("{FAE04EC0-301F-11D3-BF4B-00C04F79EFBC}") = "Ordering.API", "Services\Ordering\Ordering.API\Ordering.API.csproj", "{7B7B6D6C-7D9A-484C-A522-30A40C217770}"
EndProject
Global
	GlobalSection(SolutionConfigurationPlatforms) = preSolution
		Debug|Any CPU = Debug|Any CPU
		Release|Any CPU = Release|Any CPU
	EndGlobalSection
	GlobalSection(ProjectConfigurationPlatforms) = postSolution
		{08A559F4-3274-41D2-BCA7-2633E16C33C3}.Debug|Any CPU.ActiveCfg = Debug|Any CPU
		{08A559F4-3274-41D2-BCA7-2633E16C33C3}.Debug|Any CPU.Build.0 = Debug|Any CPU
		{08A559F4-3274-41D2-BCA7-2633E16C33C3}.Release|Any CPU.ActiveCfg = Release|Any CPU
		{08A559F4-3274-41D2-BCA7-2633E16C33C3}.Release|Any CPU.Build.0 = Release|Any CPU
		{377DBA34-DD64-4609-8950-28C7C7659490}.Debug|Any CPU.ActiveCfg = Debug|Any CPU
		{377DBA34-DD64-4609-8950-28C7C7659490}.Debug|Any CPU.Build.0 = Debug|Any CPU
		{377DBA34-DD64-4609-8950-28C7C7659490}.Release|Any CPU.ActiveCfg = Release|Any CPU
		{377DBA34-DD64-4609-8950-28C7C7659490}.Release|Any CPU.Build.0 = Release|Any CPU
		{81883B89-9E92-4268-9B94-7529F4A860E5}.Debug|Any CPU.ActiveCfg = Debug|Any CPU
		{81883B89-9E92-4268-9B94-7529F4A860E5}.Debug|Any CPU.Build.0 = Debug|Any CPU
		{81883B89-9E92-4268-9B94-7529F4A860E5}.Release|Any CPU.ActiveCfg = Release|Any CPU
		{81883B89-9E92-4268-9B94-7529F4A860E5}.Release|Any CPU.Build.0 = Release|Any CPU
		{D6051B63-77EC-4FE9-95E2-12C6AC1312E6}.Debug|Any CPU.ActiveCfg = Debug|Any CPU
		{D6051B63-77EC-4FE9-95E2-12C6AC1312E6}.Debug|Any CPU.Build.0 = Debug|Any CPU
		{D6051B63-77EC-4FE9-95E2-12C6AC1312E6}.Release|Any CPU.ActiveCfg = Release|Any CPU
		{D6051B63-77EC-4FE9-95E2-12C6AC1312E6}.Release|Any CPU.Build.0 = Release|Any CPU
		{A556BA54-6411-478A-9025-DB7CE1D9696A}.Debug|Any CPU.ActiveCfg = Debug|Any CPU
		{A556BA54-6411-478A-9025-DB7CE1D9696A}.Debug|Any CPU.Build.0 = Debug|Any CPU
		{A556BA54-6411-478A-9025-DB7CE1D9696A}.Release|Any CPU.ActiveCfg = Release|Any CPU
		{A556BA54-6411-478A-9025-DB7CE1D9696A}.Release|Any CPU.Build.0 = Release|Any CPU
		{7B7B6D6C-7D9A-484C-A522-30A40C217770}.Debug|Any CPU.ActiveCfg = Debug|Any CPU
		{7B7B6D6C-7D9A-484C-A522-30A40C217770}.Debug|Any CPU.Build.0 = Debug|Any CPU
		{7B7B6D6C-7D9A-484C-A522-30A40C217770}.Release|Any CPU.ActiveCfg = Release|Any CPU
		{7B7B6D6C-7D9A-484C-A522-30A40C217770}.Release|Any CPU.Build.0 = Release|Any CPU
	EndGlobalSection
	GlobalSection(SolutionProperties) = preSolution
		HideSolutionNode = FALSE
	EndGlobalSection
	GlobalSection(NestedProjects) = preSolution
		{AA5EADA8-B4BA-49B1-B4B3-E311AD65F764} = {D1469DA8-F8A2-4E8B-AE38-46CB18C899B6}
		{08A559F4-3274-41D2-BCA7-2633E16C33C3} = {AA5EADA8-B4BA-49B1-B4B3-E311AD65F764}
		{C4F03ACC-3905-46DF-BB06-7C1D38FCF964} = {D1469DA8-F8A2-4E8B-AE38-46CB18C899B6}
		{81883B89-9E92-4268-9B94-7529F4A860E5} = {C4F03ACC-3905-46DF-BB06-7C1D38FCF964}
		{19C4FC98-9BB2-4316-B3A7-DD73074EDFFD} = {D1469DA8-F8A2-4E8B-AE38-46CB18C899B6}
		{D6051B63-77EC-4FE9-95E2-12C6AC1312E6} = {19C4FC98-9BB2-4316-B3A7-DD73074EDFFD}
		{A556BA54-6411-478A-9025-DB7CE1D9696A} = {19C4FC98-9BB2-4316-B3A7-DD73074EDFFD}
		{B9B58344-15CA-4F5D-AE04-D230406AC533} = {D1469DA8-F8A2-4E8B-AE38-46CB18C899B6}
		{7B7B6D6C-7D9A-484C-A522-30A40C217770} = {B9B58344-15CA-4F5D-AE04-D230406AC533}
	EndGlobalSection
	GlobalSection(ExtensibilityGlobals) = postSolution
		SolutionGuid = {C198DAAB-7F07-4021-8B96-A59236E450FE}
	EndGlobalSection
EndGlobal
